<?xml version="1.0" encoding="utf-8"?>
<Project ToolsVersion="4.0" xmlns="http://schemas.microsoft.com/developer/msbuild/2003">
  <ItemGroup>
    <Filter Include="public">
      <UniqueIdentifier>{4bbac3ad-3d30-4b7b-a5e0-01cee092b88c}</UniqueIdentifier>
    </Filter>
    <Filter Include="private">
      <UniqueIdentifier>{87f69e35-8155-4cc3-844c-226685b76a64}</UniqueIdentifier>
    </Filter>
  </ItemGroup>
  <ItemGroup>
    <ClInclude Include="public\NBE_OS_WIndows.h">
      <Filter>public</Filter>
    </ClInclude>
    <ClInclude Include="public\NBE_Macro_Windows.h">
      <Filter>public</Filter>
    </ClInclude>
  </ItemGroup>
</Project>